// !$*UTF8*$!
{
	archiveVersion = 1;
	classes = {
	};
	objectVersion = 56;
	objects = {

/* Begin PBXBuildFile section */
		E7F94E3D29EBFB0800B99A00 /* AppDelegate.swift in Sources */ = {isa = PBXBuildFile; fileRef = E7F94E3C29EBFB0800B99A00 /* AppDelegate.swift */; };
		E7F94E3F29EBFB0800B99A00 /* SceneDelegate.swift in Sources */ = {isa = PBXBuildFile; fileRef = E7F94E3E29EBFB0800B99A00 /* SceneDelegate.swift */; };
		E7F94E4129EBFB0800B99A00 /* ViewController.swift in Sources */ = {isa = PBXBuildFile; fileRef = E7F94E4029EBFB0800B99A00 /* ViewController.swift */; };
		E7F94E4429EBFB0800B99A00 /* Main.storyboard in Resources */ = {isa = PBXBuildFile; fileRef = E7F94E4229EBFB0800B99A00 /* Main.storyboard */; };
		E7F94E4629EBFB0900B99A00 /* Assets.xcassets in Resources */ = {isa = PBXBuildFile; fileRef = E7F94E4529EBFB0900B99A00 /* Assets.xcassets */; };
		E7F94E4929EBFB0900B99A00 /* LaunchScreen.storyboard in Resources */ = {isa = PBXBuildFile; fileRef = E7F94E4729EBFB0900B99A00 /* LaunchScreen.storyboard */; };
		E7F94E5429EBFB0900B99A00 /* MyKcalsTests.swift in Sources */ = {isa = PBXBuildFile; fileRef = E7F94E5329EBFB0900B99A00 /* MyKcalsTests.swift */; };
		E7F94E5E29EBFB0900B99A00 /* MyKcalsUITests.swift in Sources */ = {isa = PBXBuildFile; fileRef = E7F94E5D29EBFB0900B99A00 /* MyKcalsUITests.swift */; };
		E7F94E6029EBFB0900B99A00 /* MyKcalsUITestsLaunchTests.swift in Sources */ = {isa = PBXBuildFile; fileRef = E7F94E5F29EBFB0900B99A00 /* MyKcalsUITestsLaunchTests.swift */; };
/* End PBXBuildFile section */

/* Begin PBXContainerItemProxy section */
		E7F94E5029EBFB0900B99A00 /* PBXContainerItemProxy */ = {
			isa = PBXContainerItemProxy;
			containerPortal = E7F94E3129EBFB0800B99A00 /* Project object */;
			proxyType = 1;
			remoteGlobalIDString = E7F94E3829EBFB0800B99A00;
			remoteInfo = MyKcals;
		};
		E7F94E5A29EBFB0900B99A00 /* PBXContainerItemProxy */ = {
			isa = PBXContainerItemProxy;
			containerPortal = E7F94E3129EBFB0800B99A00 /* Project object */;
			proxyType = 1;
			remoteGlobalIDString = E7F94E3829EBFB0800B99A00;
			remoteInfo = MyKcals;
		};
/* End PBXContainerItemProxy section */

/* Begin PBXFileReference section */
		E7F94E3929EBFB0800B99A00 /* MyKcals.app */ = {isa = PBXFileReference; explicitFileType = wrapper.application; includeInIndex = 0; path = MyKcals.app; sourceTree = BUILT_PRODUCTS_DIR; };
		E7F94E3C29EBFB0800B99A00 /* AppDelegate.swift */ = {isa = PBXFileReference; lastKnownFileType = sourcecode.swift; path = AppDelegate.swift; sourceTree = "<group>"; };
		E7F94E3E29EBFB0800B99A00 /* SceneDelegate.swift */ = {isa = PBXFileReference; lastKnownFileType = sourcecode.swift; path = SceneDelegate.swift; sourceTree = "<group>"; };
		E7F94E4029EBFB0800B99A00 /* ViewController.swift */ = {isa = PBXFileReference; lastKnownFileType = sourcecode.swift; path = ViewController.swift; sourceTree = "<group>"; };
		E7F94E4329EBFB0800B99A00 /* Base */ = {isa = PBXFileReference; lastKnownFileType = file.storyboard; name = Base; path = Base.lproj/Main.storyboard; sourceTree = "<group>"; };
		E7F94E4529EBFB0900B99A00 /* Assets.xcassets */ = {isa = PBXFileReference; lastKnownFileType = folder.assetcatalog; path = Assets.xcassets; sourceTree = "<group>"; };
		E7F94E4829EBFB0900B99A00 /* Base */ = {isa = PBXFileReference; lastKnownFileType = file.storyboard; name = Base; path = Base.lproj/LaunchScreen.storyboard; sourceTree = "<group>"; };
		E7F94E4A29EBFB0900B99A00 /* Info.plist */ = {isa = PBXFileReference; lastKnownFileType = text.plist.xml; path = Info.plist; sourceTree = "<group>"; };
		E7F94E4F29EBFB0900B99A00 /* MyKcalsTests.xctest */ = {isa = PBXFileReference; explicitFileType = wrapper.cfbundle; includeInIndex = 0; path = MyKcalsTests.xctest; sourceTree = BUILT_PRODUCTS_DIR; };
		E7F94E5329EBFB0900B99A00 /* MyKcalsTests.swift */ = {isa = PBXFileReference; lastKnownFileType = sourcecode.swift; path = MyKcalsTests.swift; sourceTree = "<group>"; };
		E7F94E5929EBFB0900B99A00 /* MyKcalsUITests.xctest */ = {isa = PBXFileReference; explicitFileType = wrapper.cfbundle; includeInIndex = 0; path = MyKcalsUITests.xctest; sourceTree = BUILT_PRODUCTS_DIR; };
		E7F94E5D29EBFB0900B99A00 /* MyKcalsUITests.swift */ = {isa = PBXFileReference; lastKnownFileType = sourcecode.swift; path = MyKcalsUITests.swift; sourceTree = "<group>"; };
		E7F94E5F29EBFB0900B99A00 /* MyKcalsUITestsLaunchTests.swift */ = {isa = PBXFileReference; lastKnownFileType = sourcecode.swift; path = MyKcalsUITestsLaunchTests.swift; sourceTree = "<group>"; };
/* End PBXFileReference section */

/* Begin PBXFrameworksBuildPhase section */
		E7F94E3629EBFB0800B99A00 /* Frameworks */ = {
			isa = PBXFrameworksBuildPhase;
			buildActionMask = 2147483647;
			files = (
			);
			runOnlyForDeploymentPostprocessing = 0;
		};
		E7F94E4C29EBFB0900B99A00 /* Frameworks */ = {
			isa = PBXFrameworksBuildPhase;
			buildActionMask = 2147483647;
			files = (
			);
			runOnlyForDeploymentPostprocessing = 0;
		};
		E7F94E5629EBFB0900B99A00 /* Frameworks */ = {
			isa = PBXFrameworksBuildPhase;
			buildActionMask = 2147483647;
			files = (
			);
			runOnlyForDeploymentPostprocessing = 0;
		};
/* End PBXFrameworksBuildPhase section */

/* Begin PBXGroup section */
		E7F94E3029EBFB0800B99A00 = {
			isa = PBXGroup;
			children = (
				E7F94E3B29EBFB0800B99A00 /* MyKcals */,
				E7F94E5229EBFB0900B99A00 /* MyKcalsTests */,
				E7F94E5C29EBFB0900B99A00 /* MyKcalsUITests */,
				E7F94E3A29EBFB0800B99A00 /* Products */,
			);
			sourceTree = "<group>";
		};
		E7F94E3A29EBFB0800B99A00 /* Products */ = {
			isa = PBXGroup;
			children = (
				E7F94E3929EBFB0800B99A00 /* MyKcals.app */,
				E7F94E4F29EBFB0900B99A00 /* MyKcalsTests.xctest */,
				E7F94E5929EBFB0900B99A00 /* MyKcalsUITests.xctest */,
			);
			name = Products;
			sourceTree = "<group>";
		};
		E7F94E3B29EBFB0800B99A00 /* MyKcals */ = {
			isa = PBXGroup;
			children = (
				E7F94E3C29EBFB0800B99A00 /* AppDelegate.swift */,
				E7F94E3E29EBFB0800B99A00 /* SceneDelegate.swift */,
				E7F94E4029EBFB0800B99A00 /* ViewController.swift */,
				E7F94E4229EBFB0800B99A00 /* Main.storyboard */,
				E7F94E4529EBFB0900B99A00 /* Assets.xcassets */,
				E7F94E4729EBFB0900B99A00 /* LaunchScreen.storyboard */,
				E7F94E4A29EBFB0900B99A00 /* Info.plist */,
			);
			path = MyKcals;
			sourceTree = "<group>";
		};
		E7F94E5229EBFB0900B99A00 /* MyKcalsTests */ = {
			isa = PBXGroup;
			children = (
				E7F94E5329EBFB0900B99A00 /* MyKcalsTests.swift */,
			);
			path = MyKcalsTests;
			sourceTree = "<group>";
		};
		E7F94E5C29EBFB0900B99A00 /* MyKcalsUITests */ = {
			isa = PBXGroup;
			children = (
				E7F94E5D29EBFB0900B99A00 /* MyKcalsUITests.swift */,
				E7F94E5F29EBFB0900B99A00 /* MyKcalsUITestsLaunchTests.swift */,
			);
			path = MyKcalsUITests;
			sourceTree = "<group>";
		};
/* End PBXGroup section */

/* Begin PBXNativeTarget section */
		E7F94E3829EBFB0800B99A00 /* MyKcals */ = {
			isa = PBXNativeTarget;
			buildConfigurationList = E7F94E6329EBFB0900B99A00 /* Build configuration list for PBXNativeTarget "MyKcals" */;
			buildPhases = (
				E7F94E3529EBFB0800B99A00 /* Sources */,
				E7F94E3629EBFB0800B99A00 /* Frameworks */,
				E7F94E3729EBFB0800B99A00 /* Resources */,
			);
			buildRules = (
			);
			dependencies = (
			);
			name = MyKcals;
			productName = MyKcals;
			productReference = E7F94E3929EBFB0800B99A00 /* MyKcals.app */;
			productType = "com.apple.product-type.application";
		};
		E7F94E4E29EBFB0900B99A00 /* MyKcalsTests */ = {
			isa = PBXNativeTarget;
			buildConfigurationList = E7F94E6629EBFB0900B99A00 /* Build configuration list for PBXNativeTarget "MyKcalsTests" */;
			buildPhases = (
				E7F94E4B29EBFB0900B99A00 /* Sources */,
				E7F94E4C29EBFB0900B99A00 /* Frameworks */,
				E7F94E4D29EBFB0900B99A00 /* Resources */,
			);
			buildRules = (
			);
			dependencies = (
				E7F94E5129EBFB0900B99A00 /* PBXTargetDependency */,
			);
			name = MyKcalsTests;
			productName = MyKcalsTests;
			productReference = E7F94E4F29EBFB0900B99A00 /* MyKcalsTests.xctest */;
			productType = "com.apple.product-type.bundle.unit-test";
		};
		E7F94E5829EBFB0900B99A00 /* MyKcalsUITests */ = {
			isa = PBXNativeTarget;
			buildConfigurationList = E7F94E6929EBFB0900B99A00 /* Build configuration list for PBXNativeTarget "MyKcalsUITests" */;
			buildPhases = (
				E7F94E5529EBFB0900B99A00 /* Sources */,
				E7F94E5629EBFB0900B99A00 /* Frameworks */,
				E7F94E5729EBFB0900B99A00 /* Resources */,
			);
			buildRules = (
			);
			dependencies = (
				E7F94E5B29EBFB0900B99A00 /* PBXTargetDependency */,
			);
			name = MyKcalsUITests;
			productName = MyKcalsUITests;
			productReference = E7F94E5929EBFB0900B99A00 /* MyKcalsUITests.xctest */;
			productType = "com.apple.product-type.bundle.ui-testing";
		};
/* End PBXNativeTarget section */

/* Begin PBXProject section */
		E7F94E3129EBFB0800B99A00 /* Project object */ = {
			isa = PBXProject;
			attributes = {
				BuildIndependentTargetsInParallel = 1;
				LastSwiftUpdateCheck = 1430;
				LastUpgradeCheck = 1430;
				TargetAttributes = {
					E7F94E3829EBFB0800B99A00 = {
						CreatedOnToolsVersion = 14.3;
					};
					E7F94E4E29EBFB0900B99A00 = {
						CreatedOnToolsVersion = 14.3;
						TestTargetID = E7F94E3829EBFB0800B99A00;
					};
					E7F94E5829EBFB0900B99A00 = {
						CreatedOnToolsVersion = 14.3;
						TestTargetID = E7F94E3829EBFB0800B99A00;
					};
				};
			};
			buildConfigurationList = E7F94E3429EBFB0800B99A00 /* Build configuration list for PBXProject "MyKcals" */;
			compatibilityVersion = "Xcode 14.0";
			developmentRegion = en;
			hasScannedForEncodings = 0;
			knownRegions = (
				en,
				Base,
			);
			mainGroup = E7F94E3029EBFB0800B99A00;
			productRefGroup = E7F94E3A29EBFB0800B99A00 /* Products */;
			projectDirPath = "";
			projectRoot = "";
			targets = (
				E7F94E3829EBFB0800B99A00 /* MyKcals */,
				E7F94E4E29EBFB0900B99A00 /* MyKcalsTests */,
				E7F94E5829EBFB0900B99A00 /* MyKcalsUITests */,
			);
		};
/* End PBXProject section */

/* Begin PBXResourcesBuildPhase section */
		E7F94E3729EBFB0800B99A00 /* Resources */ = {
			isa = PBXResourcesBuildPhase;
			buildActionMask = 2147483647;
			files = (
				E7F94E4929EBFB0900B99A00 /* LaunchScreen.storyboard in Resources */,
				E7F94E4629EBFB0900B99A00 /* Assets.xcassets in Resources */,
				E7F94E4429EBFB0800B99A00 /* Main.storyboard in Resources */,
			);
			runOnlyForDeploymentPostprocessing = 0;
		};
		E7F94E4D29EBFB0900B99A00 /* Resources */ = {
			isa = PBXResourcesBuildPhase;
			buildActionMask = 2147483647;
			files = (
			);
			runOnlyForDeploymentPostprocessing = 0;
		};
		E7F94E5729EBFB0900B99A00 /* Resources */ = {
			isa = PBXResourcesBuildPhase;
			buildActionMask = 2147483647;
			files = (
			);
			runOnlyForDeploymentPostprocessing = 0;
		};
/* End PBXResourcesBuildPhase section */

/* Begin PBXSourcesBuildPhase section */
		E7F94E3529EBFB0800B99A00 /* Sources */ = {
			isa = PBXSourcesBuildPhase;
			buildActionMask = 2147483647;
			files = (
				E7F94E4129EBFB0800B99A00 /* ViewController.swift in Sources */,
				E7F94E3D29EBFB0800B99A00 /* AppDelegate.swift in Sources */,
				E7F94E3F29EBFB0800B99A00 /* SceneDelegate.swift in Sources */,
			);
			runOnlyForDeploymentPostprocessing = 0;
		};
		E7F94E4B29EBFB0900B99A00 /* Sources */ = {
			isa = PBXSourcesBuildPhase;
			buildActionMask = 2147483647;
			files = (
				E7F94E5429EBFB0900B99A00 /* MyKcalsTests.swift in Sources */,
			);
			runOnlyForDeploymentPostprocessing = 0;
		};
		E7F94E5529EBFB0900B99A00 /* Sources */ = {
			isa = PBXSourcesBuildPhase;
			buildActionMask = 2147483647;
			files = (
				E7F94E5E29EBFB0900B99A00 /* MyKcalsUITests.swift in Sources */,
				E7F94E6029EBFB0900B99A00 /* MyKcalsUITestsLaunchTests.swift in Sources */,
			);
			runOnlyForDeploymentPostprocessing = 0;
		};
/* End PBXSourcesBuildPhase section */

/* Begin PBXTargetDependency section */
		E7F94E5129EBFB0900B99A00 /* PBXTargetDependency */ = {
			isa = PBXTargetDependency;
			target = E7F94E3829EBFB0800B99A00 /* MyKcals */;
			targetProxy = E7F94E5029EBFB0900B99A00 /* PBXContainerItemProxy */;
		};
		E7F94E5B29EBFB0900B99A00 /* PBXTargetDependency */ = {
			isa = PBXTargetDependency;
			target = E7F94E3829EBFB0800B99A00 /* MyKcals */;
			targetProxy = E7F94E5A29EBFB0900B99A00 /* PBXContainerItemProxy */;
		};
/* End PBXTargetDependency section */

/* Begin PBXVariantGroup section */
		E7F94E4229EBFB0800B99A00 /* Main.storyboard */ = {
			isa = PBXVariantGroup;
			children = (
				E7F94E4329EBFB0800B99A00 /* Base */,
			);
			name = Main.storyboard;
			sourceTree = "<group>";
		};
		E7F94E4729EBFB0900B99A00 /* LaunchScreen.storyboard */ = {
			isa = PBXVariantGroup;
			children = (
				E7F94E4829EBFB0900B99A00 /* Base */,
			);
			name = LaunchScreen.storyboard;
			sourceTree = "<group>";
		};
/* End PBXVariantGroup section */

/* Begin XCBuildConfiguration section */
		E7F94E6129EBFB0900B99A00 /* Debug */ = {
			isa = XCBuildConfiguration;
			buildSettings = {
				ALWAYS_SEARCH_USER_PATHS = NO;
				CLANG_ANALYZER_NONNULL = YES;
				CLANG_ANALYZER_NUMBER_OBJECT_CONVERSION = YES_AGGRESSIVE;
				CLANG_CXX_LANGUAGE_STANDARD = "gnu++20";
				CLANG_ENABLE_MODULES = YES;
				CLANG_ENABLE_OBJC_ARC = YES;
				CLANG_ENABLE_OBJC_WEAK = YES;
				CLANG_WARN_BLOCK_CAPTURE_AUTORELEASING = YES;
				CLANG_WARN_BOOL_CONVERSION = YES;
				CLANG_WARN_COMMA = YES;
				CLANG_WARN_CONSTANT_CONVERSION = YES;
				CLANG_WARN_DEPRECATED_OBJC_IMPLEMENTATIONS = YES;
				CLANG_WARN_DIRECT_OBJC_ISA_USAGE = YES_ERROR;
				CLANG_WARN_DOCUMENTATION_COMMENTS = YES;
				CLANG_WARN_EMPTY_BODY = YES;
				CLANG_WARN_ENUM_CONVERSION = YES;
				CLANG_WARN_INFINITE_RECURSION = YES;
				CLANG_WARN_INT_CONVERSION = YES;
				CLANG_WARN_NON_LITERAL_NULL_CONVERSION = YES;
				CLANG_WARN_OBJC_IMPLICIT_RETAIN_SELF = YES;
				CLANG_WARN_OBJC_LITERAL_CONVERSION = YES;
				CLANG_WARN_OBJC_ROOT_CLASS = YES_ERROR;
				CLANG_WARN_QUOTED_INCLUDE_IN_FRAMEWORK_HEADER = YES;
				CLANG_WARN_RANGE_LOOP_ANALYSIS = YES;
				CLANG_WARN_STRICT_PROTOTYPES = YES;
				CLANG_WARN_SUSPICIOUS_MOVE = YES;
				CLANG_WARN_UNGUARDED_AVAILABILITY = YES_AGGRESSIVE;
				CLANG_WARN_UNREACHABLE_CODE = YES;
				CLANG_WARN__DUPLICATE_METHOD_MATCH = YES;
				COPY_PHASE_STRIP = NO;
				DEBUG_INFORMATION_FORMAT = dwarf;
				ENABLE_STRICT_OBJC_MSGSEND = YES;
				ENABLE_TESTABILITY = YES;
				GCC_C_LANGUAGE_STANDARD = gnu11;
				GCC_DYNAMIC_NO_PIC = NO;
				GCC_NO_COMMON_BLOCKS = YES;
				GCC_OPTIMIZATION_LEVEL = 0;
				GCC_PREPROCESSOR_DEFINITIONS = (
					"DEBUG=1",
					"$(inherited)",
				);
				GCC_WARN_64_TO_32_BIT_CONVERSION = YES;
				GCC_WARN_ABOUT_RETURN_TYPE = YES_ERROR;
				GCC_WARN_UNDECLARED_SELECTOR = YES;
				GCC_WARN_UNINITIALIZED_AUTOS = YES_AGGRESSIVE;
				GCC_WARN_UNUSED_FUNCTION = YES;
				GCC_WARN_UNUSED_VARIABLE = YES;
				IPHONEOS_DEPLOYMENT_TARGET = 16.4;
				MTL_ENABLE_DEBUG_INFO = INCLUDE_SOURCE;
				MTL_FAST_MATH = YES;
				ONLY_ACTIVE_ARCH = YES;
				SDKROOT = iphoneos;
				SWIFT_ACTIVE_COMPILATION_CONDITIONS = DEBUG;
				SWIFT_OPTIMIZATION_LEVEL = "-Onone";
			};
			name = Debug;
		};
		E7F94E6229EBFB0900B99A00 /* Release */ = {
			isa = XCBuildConfiguration;
			buildSettings = {
				ALWAYS_SEARCH_USER_PATHS = NO;
				CLANG_ANALYZER_NONNULL = YES;
				CLANG_ANALYZER_NUMBER_OBJECT_CONVERSION = YES_AGGRESSIVE;
				CLANG_CXX_LANGUAGE_STANDARD = "gnu++20";
				CLANG_ENABLE_MODULES = YES;
				CLANG_ENABLE_OBJC_ARC = YES;
				CLANG_ENABLE_OBJC_WEAK = YES;
				CLANG_WARN_BLOCK_CAPTURE_AUTORELEASING = YES;
				CLANG_WARN_BOOL_CONVERSION = YES;
				CLANG_WARN_COMMA = YES;
				CLANG_WARN_CONSTANT_CONVERSION = YES;
				CLANG_WARN_DEPRECATED_OBJC_IMPLEMENTATIONS = YES;
				CLANG_WARN_DIRECT_OBJC_ISA_USAGE = YES_ERROR;
				CLANG_WARN_DOCUMENTATION_COMMENTS = YES;
				CLANG_WARN_EMPTY_BODY = YES;
				CLANG_WARN_ENUM_CONVERSION = YES;
				CLANG_WARN_INFINITE_RECURSION = YES;
				CLANG_WARN_INT_CONVERSION = YES;
				CLANG_WARN_NON_LITERAL_NULL_CONVERSION = YES;
				CLANG_WARN_OBJC_IMPLICIT_RETAIN_SELF = YES;
				CLANG_WARN_OBJC_LITERAL_CONVERSION = YES;
				CLANG_WARN_OBJC_ROOT_CLASS = YES_ERROR;
				CLANG_WARN_QUOTED_INCLUDE_IN_FRAMEWORK_HEADER = YES;
				CLANG_WARN_RANGE_LOOP_ANALYSIS = YES;
				CLANG_WARN_STRICT_PROTOTYPES = YES;
				CLANG_WARN_SUSPICIOUS_MOVE = YES;
				CLANG_WARN_UNGUARDED_AVAILABILITY = YES_AGGRESSIVE;
				CLANG_WARN_UNREACHABLE_CODE = YES;
				CLANG_WARN__DUPLICATE_METHOD_MATCH = YES;
				COPY_PHASE_STRIP = NO;
				DEBUG_INFORMATION_FORMAT = "dwarf-with-dsym";
				ENABLE_NS_ASSERTIONS = NO;
				ENABLE_STRICT_OBJC_MSGSEND = YES;
				GCC_C_LANGUAGE_STANDARD = gnu11;
				GCC_NO_COMMON_BLOCKS = YES;
				GCC_WARN_64_TO_32_BIT_CONVERSION = YES;
				GCC_WARN_ABOUT_RETURN_TYPE = YES_ERROR;
				GCC_WARN_UNDECLARED_SELECTOR = YES;
				GCC_WARN_UNINITIALIZED_AUTOS = YES_AGGRESSIVE;
				GCC_WARN_UNUSED_FUNCTION = YES;
				GCC_WARN_UNUSED_VARIABLE = YES;
				IPHONEOS_DEPLOYMENT_TARGET = 16.4;
				MTL_ENABLE_DEBUG_INFO = NO;
				MTL_FAST_MATH = YES;
				SDKROOT = iphoneos;
				SWIFT_COMPILATION_MODE = wholemodule;
				SWIFT_OPTIMIZATION_LEVEL = "-O";
				VALIDATE_PRODUCT = YES;
			};
			name = Release;
		};
		E7F94E6429EBFB0900B99A00 /* Debug */ = {
			isa = XCBuildConfiguration;
			buildSettings = {
				ASSETCATALOG_COMPILER_APPICON_NAME = AppIcon;
				ASSETCATALOG_COMPILER_GLOBAL_ACCENT_COLOR_NAME = AccentColor;
				CODE_SIGN_STYLE = Automatic;
				CURRENT_PROJECT_VERSION = 1;
				DEVELOPMENT_TEAM = 68T5F3F5L4;
				GENERATE_INFOPLIST_FILE = YES;
				INFOPLIST_FILE = MyKcals/Info.plist;
				INFOPLIST_KEY_UIApplicationSupportsIndirectInputEvents = YES;
				INFOPLIST_KEY_UILaunchStoryboardName = LaunchScreen;
				INFOPLIST_KEY_UIMainStoryboardFile = Main;
				INFOPLIST_KEY_UISupportedInterfaceOrientations_iPad = "UIInterfaceOrientationPortrait UIInterfaceOrientationPortraitUpsideDown UIInterfaceOrientationLandscapeLeft UIInterfaceOrientationLandscapeRight";
				INFOPLIST_KEY_UISupportedInterfaceOrientations_iPhone = "UIInterfaceOrientationPortrait UIInterfaceOrientationLandscapeLeft UIInterfaceOrientationLandscapeRight";
				LD_RUNPATH_SEARCH_PATHS = (
					"$(inherited)",
					"@executable_path/Frameworks",
				);
				MARKETING_VERSION = 1.0;
				PRODUCT_BUNDLE_IDENTIFIER = com.ios.apps.MyKcals;
				PRODUCT_NAME = "$(TARGET_NAME)";
				SWIFT_EMIT_LOC_STRINGS = YES;
				SWIFT_VERSION = 5.0;
				TARGETED_DEVICE_FAMILY = "1,2";
			};
			name = Debug;
		};
		E7F94E6529EBFB0900B99A00 /* Release */ = {
			isa = XCBuildConfiguration;
			buildSettings = {
				ASSETCATALOG_COMPILER_APPICON_NAME = AppIcon;
				ASSETCATALOG_COMPILER_GLOBAL_ACCENT_COLOR_NAME = AccentColor;
				CODE_SIGN_STYLE = Automatic;
				CURRENT_PROJECT_VERSION = 1;
				DEVELOPMENT_TEAM = 68T5F3F5L4;
				GENERATE_INFOPLIST_FILE = YES;
				INFOPLIST_FILE = MyKcals/Info.plist;
				INFOPLIST_KEY_UIApplicationSupportsIndirectInputEvents = YES;
				INFOPLIST_KEY_UILaunchStoryboardName = LaunchScreen;
				INFOPLIST_KEY_UIMainStoryboardFile = Main;
				INFOPLIST_KEY_UISupportedInterfaceOrientations_iPad = "UIInterfaceOrientationPortrait UIInterfaceOrientationPortraitUpsideDown UIInterfaceOrientationLandscapeLeft UIInterfaceOrientationLandscapeRight";
				INFOPLIST_KEY_UISupportedInterfaceOrientations_iPhone = "UIInterfaceOrientationPortrait UIInterfaceOrientationLandscapeLeft UIInterfaceOrientationLandscapeRight";
				LD_RUNPATH_SEARCH_PATHS = (
					"$(inherited)",
					"@executable_path/Frameworks",
				);
				MARKETING_VERSION = 1.0;
				PRODUCT_BUNDLE_IDENTIFIER = com.ios.apps.MyKcals;
				PRODUCT_NAME = "$(TARGET_NAME)";
				SWIFT_EMIT_LOC_STRINGS = YES;
				SWIFT_VERSION = 5.0;
				TARGETED_DEVICE_FAMILY = "1,2";
			};
			name = Release;
		};
		E7F94E6729EBFB0900B99A00 /* Debug */ = {
			isa = XCBuildConfiguration;
			buildSettings = {
				ALWAYS_EMBED_SWIFT_STANDARD_LIBRARIES = YES;
				BUNDLE_LOADER = "$(TEST_HOST)";
				CODE_SIGN_STYLE = Automatic;
				CURRENT_PROJECT_VERSION = 1;
				DEVELOPMENT_TEAM = 68T5F3F5L4;
				GENERATE_INFOPLIST_FILE = YES;
				IPHONEOS_DEPLOYMENT_TARGET = 16.4;
				MARKETING_VERSION = 1.0;
				PRODUCT_BUNDLE_IDENTIFIER = com.ios.apps.MyKcalsTests;
				PRODUCT_NAME = "$(TARGET_NAME)";
				SWIFT_EMIT_LOC_STRINGS = NO;
				SWIFT_VERSION = 5.0;
				TARGETED_DEVICE_FAMILY = "1,2";
				TEST_HOST = "$(BUILT_PRODUCTS_DIR)/MyKcals.app/$(BUNDLE_EXECUTABLE_FOLDER_PATH)/MyKcals";
			};
			name = Debug;
		};
		E7F94E6829EBFB0900B99A00 /* Release */ = {
			isa = XCBuildConfiguration;
			buildSettings = {
				ALWAYS_EMBED_SWIFT_STANDARD_LIBRARIES = YES;
				BUNDLE_LOADER = "$(TEST_HOST)";
				CODE_SIGN_STYLE = Automatic;
				CURRENT_PROJECT_VERSION = 1;
				DEVELOPMENT_TEAM = 68T5F3F5L4;
				GENERATE_INFOPLIST_FILE = YES;
				IPHONEOS_DEPLOYMENT_TARGET = 16.4;
				MARKETING_VERSION = 1.0;
				PRODUCT_BUNDLE_IDENTIFIER = com.ios.apps.MyKcalsTests;
				PRODUCT_NAME = "$(TARGET_NAME)";
				SWIFT_EMIT_LOC_STRINGS = NO;
				SWIFT_VERSION = 5.0;
				TARGETED_DEVICE_FAMILY = "1,2";
				TEST_HOST = "$(BUILT_PRODUCTS_DIR)/MyKcals.app/$(BUNDLE_EXECUTABLE_FOLDER_PATH)/MyKcals";
			};
			name = Release;
		};
		E7F94E6A29EBFB0900B99A00 /* Debug */ = {
			isa = XCBuildConfiguration;
			buildSettings = {
				ALWAYS_EMBED_SWIFT_STANDARD_LIBRARIES = YES;
				CODE_SIGN_STYLE = Automatic;
				CURRENT_PROJECT_VERSION = 1;
				DEVELOPMENT_TEAM = 68T5F3F5L4;
				GENERATE_INFOPLIST_FILE = YES;
				MARKETING_VERSION = 1.0;
				PRODUCT_BUNDLE_IDENTIFIER = com.ios.apps.MyKcalsUITests;
				PRODUCT_NAME = "$(TARGET_NAME)";
				SWIFT_EMIT_LOC_STRINGS = NO;
				SWIFT_VERSION = 5.0;
				TARGETED_DEVICE_FAMILY = "1,2";
				TEST_TARGET_NAME = MyKcals;
			};
			name = Debug;
		};
		E7F94E6B29EBFB0900B99A00 /* Release */ = {
			isa = XCBuildConfiguration;
			buildSettings = {
				ALWAYS_EMBED_SWIFT_STANDARD_LIBRARIES = YES;
				CODE_SIGN_STYLE = Automatic;
				CURRENT_PROJECT_VERSION = 1;
				DEVELOPMENT_TEAM = 68T5F3F5L4;
				GENERATE_INFOPLIST_FILE = YES;
				MARKETING_VERSION = 1.0;
				PRODUCT_BUNDLE_IDENTIFIER = com.ios.apps.MyKcalsUITests;
				PRODUCT_NAME = "$(TARGET_NAME)";
				SWIFT_EMIT_LOC_STRINGS = NO;
				SWIFT_VERSION = 5.0;
				TARGETED_DEVICE_FAMILY = "1,2";
				TEST_TARGET_NAME = MyKcals;
			};
			name = Release;
		};
/* End XCBuildConfiguration section */

/* Begin XCConfigurationList section */
		E7F94E3429EBFB0800B99A00 /* Build configuration list for PBXProject "MyKcals" */ = {
			isa = XCConfigurationList;
			buildConfigurations = (
				E7F94E6129EBFB0900B99A00 /* Debug */,
				E7F94E6229EBFB0900B99A00 /* Release */,
			);
			defaultConfigurationIsVisible = 0;
			defaultConfigurationName = Release;
		};
		E7F94E6329EBFB0900B99A00 /* Build configuration list for PBXNativeTarget "MyKcals" */ = {
			isa = XCConfigurationList;
			buildConfigurations = (
				E7F94E6429EBFB0900B99A00 /* Debug */,
				E7F94E6529EBFB0900B99A00 /* Release */,
			);
			defaultConfigurationIsVisible = 0;
			defaultConfigurationName = Release;
		};
		E7F94E6629EBFB0900B99A00 /* Build configuration list for PBXNativeTarget "MyKcalsTests" */ = {
			isa = XCConfigurationList;
			buildConfigurations = (
				E7F94E6729EBFB0900B99A00 /* Debug */,
				E7F94E6829EBFB0900B99A00 /* Release */,
			);
			defaultConfigurationIsVisible = 0;
			defaultConfigurationName = Release;
		};
		E7F94E6929EBFB0900B99A00 /* Build configuration list for PBXNativeTarget "MyKcalsUITests" */ = {
			isa = XCConfigurationList;
			buildConfigurations = (
				E7F94E6A29EBFB0900B99A00 /* Debug */,
				E7F94E6B29EBFB0900B99A00 /* Release */,
			);
			defaultConfigurationIsVisible = 0;
			defaultConfigurationName = Release;
		};
/* End XCConfigurationList section */
	};
	rootObject = E7F94E3129EBFB0800B99A00 /* Project object */;
}
